
Microsoft Visual Studio Solution File, Format Version 12.00
# Visual Studio Version 16
VisualStudioVersion = 16.0.29102.190
MinimumVisualStudioVersion = 10.0.40219.1
Project("{2150E333-8FDC-42A3-9474-1A3956D46DE8}") = ".nuget", ".nuget", "{6B057F36-7C54-47C2-B219-2A4784DC0594}"
EndProject
Project("{2150E333-8FDC-42A3-9474-1A3956D46DE8}") = "Test", "Test", "{8D49E9DA-F7A5-42AF-9EAF-3AF999B0F462}"
EndProject
Project("{9A19103F-16F7-4668-BE54-9A1E7A4F7556}") = "Link.EntityFramework.Sqlite", "src\Link.EntityFramework.Sqlite\Link.EntityFramework.Sqlite.csproj", "{9E8737E9-79E7-4063-9691-85F784906866}"
EndProject
Project("{9A19103F-16F7-4668-BE54-9A1E7A4F7556}") = "Link.EntityFramework.Sqlite.Test", "test\Link.EntityFramework.Sqlite.Test\Link.EntityFramework.Sqlite.Test.csproj", "{9A362AA5-5CFD-4D30-8F90-845105B5BDFD}"
EndProject
Project("{2150E333-8FDC-42A3-9474-1A3956D46DE8}") = ".docs", ".docs", "{3AC55B2A-FFDA-427F-A662-1519BFAB83D9}"
	ProjectSection(SolutionItems) = preProject
		docs\README.md = docs\README.md
	EndProjectSection
EndProject
Global
	GlobalSection(SolutionConfigurationPlatforms) = preSolution
		Debug|Any CPU = Debug|Any CPU
		Release|Any CPU = Release|Any CPU
	EndGlobalSection
	GlobalSection(ProjectConfigurationPlatforms) = postSolution
		{9E8737E9-79E7-4063-9691-85F784906866}.Debug|Any CPU.ActiveCfg = Debug|Any CPU
		{9E8737E9-79E7-4063-9691-85F784906866}.Debug|Any CPU.Build.0 = Debug|Any CPU
		{9E8737E9-79E7-4063-9691-85F784906866}.Release|Any CPU.ActiveCfg = Release|Any CPU
		{9E8737E9-79E7-4063-9691-85F784906866}.Release|Any CPU.Build.0 = Release|Any CPU
		{9A362AA5-5CFD-4D30-8F90-845105B5BDFD}.Debug|Any CPU.ActiveCfg = Debug|Any CPU
		{9A362AA5-5CFD-4D30-8F90-845105B5BDFD}.Debug|Any CPU.Build.0 = Debug|Any CPU
		{9A362AA5-5CFD-4D30-8F90-845105B5BDFD}.Release|Any CPU.ActiveCfg = Release|Any CPU
		{9A362AA5-5CFD-4D30-8F90-845105B5BDFD}.Release|Any CPU.Build.0 = Release|Any CPU
	EndGlobalSection
	GlobalSection(SolutionProperties) = preSolution
		HideSolutionNode = FALSE
	EndGlobalSection
	GlobalSection(NestedProjects) = preSolution
		{9A362AA5-5CFD-4D30-8F90-845105B5BDFD} = {8D49E9DA-F7A5-42AF-9EAF-3AF999B0F462}
	EndGlobalSection
	GlobalSection(ExtensibilityGlobals) = postSolution
		SolutionGuid = {B14470B4-C186-4204-90A5-916DEF0420FE}
	EndGlobalSection
EndGlobal
